// !$*UTF8*$!
{
	archiveVersion = 1;
	classes = {
	};
	objectVersion = 46;
	objects = {

/* Begin PBXBuildFile section */
		954A15901D91FAF70022AF7D /* Motions.swift in Sources */ = {isa = PBXBuildFile; fileRef = 954A158F1D91FAF70022AF7D /* Motions.swift */; };
		95CF2D211D91D6F600845358 /* AppDelegate.swift in Sources */ = {isa = PBXBuildFile; fileRef = 95CF2D201D91D6F600845358 /* AppDelegate.swift */; };
		95CF2D241D91D6F600845358 /* ViewController.swift in Sources */ = {isa = PBXBuildFile; fileRef = 95CF2D231D91D6F600845358 /* ViewController.swift */; };
		95CF2D271D91D6F600845358 /* Main.storyboard in Resources */ = {isa = PBXBuildFile; fileRef = 95CF2D251D91D6F600845358 /* Main.storyboard */; };
		95CF2D291D91D6F600845358 /* Assets.xcassets in Resources */ = {isa = PBXBuildFile; fileRef = 95CF2D281D91D6F600845358 /* Assets.xcassets */; };
		95CF2D2C1D91D6F600845358 /* LaunchScreen.storyboard in Resources */ = {isa = PBXBuildFile; fileRef = 95CF2D2A1D91D6F600845358 /* LaunchScreen.storyboard */; };
		95CF2D371D91D6F600845358 /* MSVSimpleLeveliOSTests.swift in Sources */ = {isa = PBXBuildFile; fileRef = 95CF2D361D91D6F600845358 /* MSVSimpleLeveliOSTests.swift */; };
		95CF2D441D91E66500845358 /* CoreMotion.framework in Frameworks */ = {isa = PBXBuildFile; fileRef = 95CF2D431D91E66500845358 /* CoreMotion.framework */; };
/* End PBXBuildFile section */

/* Begin PBXContainerItemProxy section */
		95CF2D331D91D6F600845358 /* PBXContainerItemProxy */ = {
			isa = PBXContainerItemProxy;
			containerPortal = 95CF2D111D91D6F500845358 /* Project object */;
			proxyType = 1;
			remoteGlobalIDString = 95CF2D181D91D6F500845358;
			remoteInfo = MSVSimpleLeveliOS;
		};
/* End PBXContainerItemProxy section */

/* Begin PBXFileReference section */
		954A158F1D91FAF70022AF7D /* Motions.swift */ = {isa = PBXFileReference; fileEncoding = 4; lastKnownFileType = sourcecode.swift; path = Motions.swift; sourceTree = "<group>"; };
		95CF2D191D91D6F500845358 /* MSVSimpleLeveliOS.app */ = {isa = PBXFileReference; explicitFileType = wrapper.application; includeInIndex = 0; path = MSVSimpleLeveliOS.app; sourceTree = BUILT_PRODUCTS_DIR; };
		95CF2D201D91D6F600845358 /* AppDelegate.swift */ = {isa = PBXFileReference; lastKnownFileType = sourcecode.swift; path = AppDelegate.swift; sourceTree = "<group>"; };
		95CF2D231D91D6F600845358 /* ViewController.swift */ = {isa = PBXFileReference; lastKnownFileType = sourcecode.swift; path = ViewController.swift; sourceTree = "<group>"; };
		95CF2D261D91D6F600845358 /* Base */ = {isa = PBXFileReference; lastKnownFileType = file.storyboard; name = Base; path = Base.lproj/Main.storyboard; sourceTree = "<group>"; };
		95CF2D281D91D6F600845358 /* Assets.xcassets */ = {isa = PBXFileReference; lastKnownFileType = folder.assetcatalog; path = Assets.xcassets; sourceTree = "<group>"; };
		95CF2D2B1D91D6F600845358 /* Base */ = {isa = PBXFileReference; lastKnownFileType = file.storyboard; name = Base; path = Base.lproj/LaunchScreen.storyboard; sourceTree = "<group>"; };
		95CF2D2D1D91D6F600845358 /* Info.plist */ = {isa = PBXFileReference; lastKnownFileType = text.plist.xml; path = Info.plist; sourceTree = "<group>"; };
		95CF2D321D91D6F600845358 /* MSVSimpleLeveliOSTests.xctest */ = {isa = PBXFileReference; explicitFileType = wrapper.cfbundle; includeInIndex = 0; path = MSVSimpleLeveliOSTests.xctest; sourceTree = BUILT_PRODUCTS_DIR; };
		95CF2D361D91D6F600845358 /* MSVSimpleLeveliOSTests.swift */ = {isa = PBXFileReference; lastKnownFileType = sourcecode.swift; path = MSVSimpleLeveliOSTests.swift; sourceTree = "<group>"; };
		95CF2D381D91D6F600845358 /* Info.plist */ = {isa = PBXFileReference; lastKnownFileType = text.plist.xml; path = Info.plist; sourceTree = "<group>"; };
		95CF2D431D91E66500845358 /* CoreMotion.framework */ = {isa = PBXFileReference; lastKnownFileType = wrapper.framework; name = CoreMotion.framework; path = System/Library/Frameworks/CoreMotion.framework; sourceTree = SDKROOT; };
/* End PBXFileReference section */

/* Begin PBXFrameworksBuildPhase section */
		95CF2D161D91D6F500845358 /* Frameworks */ = {
			isa = PBXFrameworksBuildPhase;
			buildActionMask = 2147483647;
			files = (
				95CF2D441D91E66500845358 /* CoreMotion.framework in Frameworks */,
			);
			runOnlyForDeploymentPostprocessing = 0;
		};
		95CF2D2F1D91D6F600845358 /* Frameworks */ = {
			isa = PBXFrameworksBuildPhase;
			buildActionMask = 2147483647;
			files = (
			);
			runOnlyForDeploymentPostprocessing = 0;
		};
/* End PBXFrameworksBuildPhase section */

/* Begin PBXGroup section */
		95CF2D101D91D6F500845358 = {
			isa = PBXGroup;
			children = (
				95CF2D431D91E66500845358 /* CoreMotion.framework */,
				95CF2D1B1D91D6F600845358 /* MSVSimpleLeveliOS */,
				95CF2D351D91D6F600845358 /* MSVSimpleLeveliOSTests */,
				95CF2D1A1D91D6F500845358 /* Products */,
			);
			sourceTree = "<group>";
		};
		95CF2D1A1D91D6F500845358 /* Products */ = {
			isa = PBXGroup;
			children = (
				95CF2D191D91D6F500845358 /* MSVSimpleLeveliOS.app */,
				95CF2D321D91D6F600845358 /* MSVSimpleLeveliOSTests.xctest */,
			);
			name = Products;
			sourceTree = "<group>";
		};
		95CF2D1B1D91D6F600845358 /* MSVSimpleLeveliOS */ = {
			isa = PBXGroup;
			children = (
				95CF2D201D91D6F600845358 /* AppDelegate.swift */,
				95CF2D231D91D6F600845358 /* ViewController.swift */,
				954A158F1D91FAF70022AF7D /* Motions.swift */,
				95CF2D251D91D6F600845358 /* Main.storyboard */,
				95CF2D281D91D6F600845358 /* Assets.xcassets */,
				95CF2D2A1D91D6F600845358 /* LaunchScreen.storyboard */,
				95CF2D2D1D91D6F600845358 /* Info.plist */,
				95CF2D1C1D91D6F600845358 /* Supporting Files */,
			);
			path = MSVSimpleLeveliOS;
			sourceTree = "<group>";
		};
		95CF2D1C1D91D6F600845358 /* Supporting Files */ = {
			isa = PBXGroup;
			children = (
			);
			name = "Supporting Files";
			sourceTree = "<group>";
		};
		95CF2D351D91D6F600845358 /* MSVSimpleLeveliOSTests */ = {
			isa = PBXGroup;
			children = (
				95CF2D361D91D6F600845358 /* MSVSimpleLeveliOSTests.swift */,
				95CF2D381D91D6F600845358 /* Info.plist */,
			);
			path = MSVSimpleLeveliOSTests;
			sourceTree = "<group>";
		};
/* End PBXGroup section */

/* Begin PBXNativeTarget section */
		95CF2D181D91D6F500845358 /* MSVSimpleLeveliOS */ = {
			isa = PBXNativeTarget;
			buildConfigurationList = 95CF2D3B1D91D6F600845358 /* Build configuration list for PBXNativeTarget "MSVSimpleLeveliOS" */;
			buildPhases = (
				95CF2D151D91D6F500845358 /* Sources */,
				95CF2D161D91D6F500845358 /* Frameworks */,
				95CF2D171D91D6F500845358 /* Resources */,
			);
			buildRules = (
			);
			dependencies = (
			);
			name = MSVSimpleLeveliOS;
			productName = MSVSimpleLeveliOS;
			productReference = 95CF2D191D91D6F500845358 /* MSVSimpleLeveliOS.app */;
			productType = "com.apple.product-type.application";
		};
		95CF2D311D91D6F600845358 /* MSVSimpleLeveliOSTests */ = {
			isa = PBXNativeTarget;
			buildConfigurationList = 95CF2D3E1D91D6F600845358 /* Build configuration list for PBXNativeTarget "MSVSimpleLeveliOSTests" */;
			buildPhases = (
				95CF2D2E1D91D6F600845358 /* Sources */,
				95CF2D2F1D91D6F600845358 /* Frameworks */,
				95CF2D301D91D6F600845358 /* Resources */,
			);
			buildRules = (
			);
			dependencies = (
				95CF2D341D91D6F600845358 /* PBXTargetDependency */,
			);
			name = MSVSimpleLeveliOSTests;
			productName = MSVSimpleLeveliOSTests;
			productReference = 95CF2D321D91D6F600845358 /* MSVSimpleLeveliOSTests.xctest */;
			productType = "com.apple.product-type.bundle.unit-test";
		};
/* End PBXNativeTarget section */

/* Begin PBXProject section */
		95CF2D111D91D6F500845358 /* Project object */ = {
			isa = PBXProject;
			attributes = {
				LastUpgradeCheck = 0730;
				ORGANIZATIONNAME = "Serge Moskalenko";
				TargetAttributes = {
					95CF2D181D91D6F500845358 = {
						CreatedOnToolsVersion = 7.3.1;
						DevelopmentTeam = XU68B324A5;
						SystemCapabilities = {
							com.apple.Maps.iOS = {
								enabled = 0;
							};
						};
					};
					95CF2D311D91D6F600845358 = {
						CreatedOnToolsVersion = 7.3.1;
						TestTargetID = 95CF2D181D91D6F500845358;
					};
				};
			};
			buildConfigurationList = 95CF2D141D91D6F500845358 /* Build configuration list for PBXProject "MSVSimpleLeveliOS" */;
			compatibilityVersion = "Xcode 3.2";
			developmentRegion = English;
			hasScannedForEncodings = 0;
			knownRegions = (
				en,
				Base,
			);
			mainGroup = 95CF2D101D91D6F500845358;
			productRefGroup = 95CF2D1A1D91D6F500845358 /* Products */;
			projectDirPath = "";
			projectRoot = "";
			targets = (
				95CF2D181D91D6F500845358 /* MSVSimpleLeveliOS */,
				95CF2D311D91D6F600845358 /* MSVSimpleLeveliOSTests */,
			);
		};
/* End PBXProject section */

/* Begin PBXResourcesBuildPhase section */
		95CF2D171D91D6F500845358 /* Resources */ = {
			isa = PBXResourcesBuildPhase;
			buildActionMask = 2147483647;
			files = (
				95CF2D2C1D91D6F600845358 /* LaunchScreen.storyboard in Resources */,
				95CF2D291D91D6F600845358 /* Assets.xcassets in Resources */,
				95CF2D271D91D6F600845358 /* Main.storyboard in Resources */,
			);
			runOnlyForDeploymentPostprocessing = 0;
		};
		95CF2D301D91D6F600845358 /* Resources */ = {
			isa = PBXResourcesBuildPhase;
			buildActionMask = 2147483647;
			files = (
			);
			runOnlyForDeploymentPostprocessing = 0;
		};
/* End PBXResourcesBuildPhase section */

/* Begin PBXSourcesBuildPhase section */
		95CF2D151D91D6F500845358 /* Sources */ = {
			isa = PBXSourcesBuildPhase;
			buildActionMask = 2147483647;
			files = (
				95CF2D241D91D6F600845358 /* ViewController.swift in Sources */,
				954A15901D91FAF70022AF7D /* Motions.swift in Sources */,
				95CF2D211D91D6F600845358 /* AppDelegate.swift in Sources */,
			);
			runOnlyForDeploymentPostprocessing = 0;
		};
		95CF2D2E1D91D6F600845358 /* Sources */ = {
			isa = PBXSourcesBuildPhase;
			buildActionMask = 2147483647;
			files = (
				95CF2D371D91D6F600845358 /* MSVSimpleLeveliOSTests.swift in Sources */,
			);
			runOnlyForDeploymentPostprocessing = 0;
		};
/* End PBXSourcesBuildPhase section */

/* Begin PBXTargetDependency section */
		95CF2D341D91D6F600845358 /* PBXTargetDependency */ = {
			isa = PBXTargetDependency;
			target = 95CF2D181D91D6F500845358 /* MSVSimpleLeveliOS */;
			targetProxy = 95CF2D331D91D6F600845358 /* PBXContainerItemProxy */;
		};
/* End PBXTargetDependency section */

/* Begin PBXVariantGroup section */
		95CF2D251D91D6F600845358 /* Main.storyboard */ = {
			isa = PBXVariantGroup;
			children = (
				95CF2D261D91D6F600845358 /* Base */,
			);
			name = Main.storyboard;
			sourceTree = "<group>";
		};
		95CF2D2A1D91D6F600845358 /* LaunchScreen.storyboard */ = {
			isa = PBXVariantGroup;
			children = (
				95CF2D2B1D91D6F600845358 /* Base */,
			);
			name = LaunchScreen.storyboard;
			sourceTree = "<group>";
		};
/* End PBXVariantGroup section */

/* Begin XCBuildConfiguration section */
		95CF2D391D91D6F600845358 /* Debug */ = {
			isa = XCBuildConfiguration;
			buildSettings = {
				ALWAYS_SEARCH_USER_PATHS = NO;
				CLANG_ANALYZER_NONNULL = YES;
				CLANG_CXX_LANGUAGE_STANDARD = "gnu++0x";
				CLANG_CXX_LIBRARY = "libc++";
				CLANG_ENABLE_MODULES = YES;
				CLANG_ENABLE_OBJC_ARC = YES;
				CLANG_WARN_BOOL_CONVERSION = YES;
				CLANG_WARN_CONSTANT_CONVERSION = YES;
				CLANG_WARN_DIRECT_OBJC_ISA_USAGE = YES_ERROR;
				CLANG_WARN_EMPTY_BODY = YES;
				CLANG_WARN_ENUM_CONVERSION = YES;
				CLANG_WARN_INT_CONVERSION = YES;
				CLANG_WARN_OBJC_ROOT_CLASS = YES_ERROR;
				CLANG_WARN_UNREACHABLE_CODE = YES;
				CLANG_WARN__DUPLICATE_METHOD_MATCH = YES;
				"CODE_SIGN_IDENTITY[sdk=iphoneos*]" = "iPhone Developer";
				COPY_PHASE_STRIP = NO;
				DEBUG_INFORMATION_FORMAT = dwarf;
				ENABLE_STRICT_OBJC_MSGSEND = YES;
				ENABLE_TESTABILITY = YES;
				GCC_C_LANGUAGE_STANDARD = gnu99;
				GCC_DYNAMIC_NO_PIC = NO;
				GCC_NO_COMMON_BLOCKS = YES;
				GCC_OPTIMIZATION_LEVEL = 0;
				GCC_PREPROCESSOR_DEFINITIONS = (
					"DEBUG=1",
					"$(inherited)",
				);
				GCC_WARN_64_TO_32_BIT_CONVERSION = YES;
				GCC_WARN_ABOUT_RETURN_TYPE = YES_ERROR;
				GCC_WARN_UNDECLARED_SELECTOR = YES;
				GCC_WARN_UNINITIALIZED_AUTOS = YES_AGGRESSIVE;
				GCC_WARN_UNUSED_FUNCTION = YES;
				GCC_WARN_UNUSED_VARIABLE = YES;
				IPHONEOS_DEPLOYMENT_TARGET = 9.3;
				MTL_ENABLE_DEBUG_INFO = YES;
				ONLY_ACTIVE_ARCH = YES;
				SDKROOT = iphoneos;
				TARGETED_DEVICE_FAMILY = "1,2";
			};
			name = Debug;
		};
		95CF2D3A1D91D6F600845358 /* Release */ = {
			isa = XCBuildConfiguration;
			buildSettings = {
				ALWAYS_SEARCH_USER_PATHS = NO;
				CLANG_ANALYZER_NONNULL = YES;
				CLANG_CXX_LANGUAGE_STANDARD = "gnu++0x";
				CLANG_CXX_LIBRARY = "libc++";
				CLANG_ENABLE_MODULES = YES;
				CLANG_ENABLE_OBJC_ARC = YES;
				CLANG_WARN_BOOL_CONVERSION = YES;
				CLANG_WARN_CONSTANT_CONVERSION = YES;
				CLANG_WARN_DIRECT_OBJC_ISA_USAGE = YES_ERROR;
				CLANG_WARN_EMPTY_BODY = YES;
				CLANG_WARN_ENUM_CONVERSION = YES;
				CLANG_WARN_INT_CONVERSION = YES;
				CLANG_WARN_OBJC_ROOT_CLASS = YES_ERROR;
				CLANG_WARN_UNREACHABLE_CODE = YES;
				CLANG_WARN__DUPLICATE_METHOD_MATCH = YES;
				"CODE_SIGN_IDENTITY[sdk=iphoneos*]" = "iPhone Developer";
				COPY_PHASE_STRIP = NO;
				DEBUG_INFORMATION_FORMAT = "dwarf-with-dsym";
				ENABLE_NS_ASSERTIONS = NO;
				ENABLE_STRICT_OBJC_MSGSEND = YES;
				GCC_C_LANGUAGE_STANDARD = gnu99;
				GCC_NO_COMMON_BLOCKS = YES;
				GCC_WARN_64_TO_32_BIT_CONVERSION = YES;
				GCC_WARN_ABOUT_RETURN_TYPE = YES_ERROR;
				GCC_WARN_UNDECLARED_SELECTOR = YES;
				GCC_WARN_UNINITIALIZED_AUTOS = YES_AGGRESSIVE;
				GCC_WARN_UNUSED_FUNCTION = YES;
				GCC_WARN_UNUSED_VARIABLE = YES;
				IPHONEOS_DEPLOYMENT_TARGET = 9.3;
				MTL_ENABLE_DEBUG_INFO = NO;
				SDKROOT = iphoneos;
				TARGETED_DEVICE_FAMILY = "1,2";
				VALIDATE_PRODUCT = YES;
			};
			name = Release;
		};
		95CF2D3C1D91D6F600845358 /* Debug */ = {
			isa = XCBuildConfiguration;
			buildSettings = {
				ASSETCATALOG_COMPILER_APPICON_NAME = AppIcon;
				CODE_SIGN_IDENTITY = "iPhone Developer";
				"CODE_SIGN_IDENTITY[sdk=iphoneos*]" = "iPhone Developer";
				INFOPLIST_FILE = MSVSimpleLeveliOS/Info.plist;
				IPHONEOS_DEPLOYMENT_TARGET = 7.1;
				LD_RUNPATH_SEARCH_PATHS = "$(inherited) @executable_path/Frameworks";
				PRODUCT_BUNDLE_IDENTIFIER = MSV.MSVSimpleLeveliOS;
				PRODUCT_NAME = "$(TARGET_NAME)";
				PROVISIONING_PROFILE = "";
			};
			name = Debug;
		};
		95CF2D3D1D91D6F600845358 /* Release */ = {
			isa = XCBuildConfiguration;
			buildSettings = {
				ASSETCATALOG_COMPILER_APPICON_NAME = AppIcon;
				CODE_SIGN_IDENTITY = "iPhone Developer";
				"CODE_SIGN_IDENTITY[sdk=iphoneos*]" = "iPhone Developer";
				INFOPLIST_FILE = MSVSimpleLeveliOS/Info.plist;
				IPHONEOS_DEPLOYMENT_TARGET = 7.1;
				LD_RUNPATH_SEARCH_PATHS = "$(inherited) @executable_path/Frameworks";
				PRODUCT_BUNDLE_IDENTIFIER = MSV.MSVSimpleLeveliOS;
				PRODUCT_NAME = "$(TARGET_NAME)";
				PROVISIONING_PROFILE = "";
			};
			name = Release;
		};
		95CF2D3F1D91D6F600845358 /* Debug */ = {
			isa = XCBuildConfiguration;
			buildSettings = {
				BUNDLE_LOADER = "$(TEST_HOST)";
				INFOPLIST_FILE = MSVSimpleLeveliOSTests/Info.plist;
				LD_RUNPATH_SEARCH_PATHS = "$(inherited) @executable_path/Frameworks @loader_path/Frameworks";
				PRODUCT_BUNDLE_IDENTIFIER = MSV.MSVSimpleLeveliOSTests;
				PRODUCT_NAME = "$(TARGET_NAME)";
				TEST_HOST = "$(BUILT_PRODUCTS_DIR)/MSVSimpleLeveliOS.app/MSVSimpleLeveliOS";
			};
			name = Debug;
		};
		95CF2D401D91D6F600845358 /* Release */ = {
			isa = XCBuildConfiguration;
			buildSettings = {
				BUNDLE_LOADER = "$(TEST_HOST)";
				INFOPLIST_FILE = MSVSimpleLeveliOSTests/Info.plist;
				LD_RUNPATH_SEARCH_PATHS = "$(inherited) @executable_path/Frameworks @loader_path/Frameworks";
				PRODUCT_BUNDLE_IDENTIFIER = MSV.MSVSimpleLeveliOSTests;
				PRODUCT_NAME = "$(TARGET_NAME)";
				TEST_HOST = "$(BUILT_PRODUCTS_DIR)/MSVSimpleLeveliOS.app/MSVSimpleLeveliOS";
			};
			name = Release;
		};
/* End XCBuildConfiguration section */

/* Begin XCConfigurationList section */
		95CF2D141D91D6F500845358 /* Build configuration list for PBXProject "MSVSimpleLeveliOS" */ = {
			isa = XCConfigurationList;
			buildConfigurations = (
				95CF2D391D91D6F600845358 /* Debug */,
				95CF2D3A1D91D6F600845358 /* Release */,
			);
			defaultConfigurationIsVisible = 0;
			defaultConfigurationName = Release;
		};
		95CF2D3B1D91D6F600845358 /* Build configuration list for PBXNativeTarget "MSVSimpleLeveliOS" */ = {
			isa = XCConfigurationList;
			buildConfigurations = (
				95CF2D3C1D91D6F600845358 /* Debug */,
				95CF2D3D1D91D6F600845358 /* Release */,
			);
			defaultConfigurationIsVisible = 0;
			defaultConfigurationName = Release;
		};
		95CF2D3E1D91D6F600845358 /* Build configuration list for PBXNativeTarget "MSVSimpleLeveliOSTests" */ = {
			isa = XCConfigurationList;
			buildConfigurations = (
				95CF2D3F1D91D6F600845358 /* Debug */,
				95CF2D401D91D6F600845358 /* Release */,
			);
			defaultConfigurationIsVisible = 0;
			defaultConfigurationName = Release;
		};
/* End XCConfigurationList section */
	};
	rootObject = 95CF2D111D91D6F500845358 /* Project object */;
}
